
Microsoft Visual Studio Solution File, Format Version 12.00
# Visual Studio 15
VisualStudioVersion = 15.0.27428.2037
MinimumVisualStudioVersion = 10.0.40219.1
Project("{FAE04EC0-301F-11D3-BF4B-00C04F79EFBC}") = "ShopParserDataAccess", "ShopParserDataAccess\ShopParserDataAccess.csproj", "{E8EC23F4-0A4C-46C5-8395-9A0D8C9A2CF8}"
EndProject
Project("{FAE04EC0-301F-11D3-BF4B-00C04F79EFBC}") = "ShopParserService", "ShopParserService\ShopParserService.csproj", "{B79C62EE-5CF4-4298-AB4A-9BBC172FAB90}"
EndProject
Project("{FAE04EC0-301F-11D3-BF4B-00C04F79EFBC}") = "ShopParserService.Test", "ShopParserService.Test\ShopParserService.Test.csproj", "{795E7131-51C2-416B-95D0-B98349079679}"
EndProject
Project("{FAE04EC0-301F-11D3-BF4B-00C04F79EFBC}") = "ShopParserApi", "ShopParserApi\ShopParserApi.csproj", "{DED4B98D-7E2F-43CB-B853-C27EE63EBBE9}"
EndProject
Global
	GlobalSection(SolutionConfigurationPlatforms) = preSolution
		Debug|Any CPU = Debug|Any CPU
		Release|Any CPU = Release|Any CPU
	EndGlobalSection
	GlobalSection(ProjectConfigurationPlatforms) = postSolution
		{E8EC23F4-0A4C-46C5-8395-9A0D8C9A2CF8}.Debug|Any CPU.ActiveCfg = Debug|Any CPU
		{E8EC23F4-0A4C-46C5-8395-9A0D8C9A2CF8}.Debug|Any CPU.Build.0 = Debug|Any CPU
		{E8EC23F4-0A4C-46C5-8395-9A0D8C9A2CF8}.Release|Any CPU.ActiveCfg = Release|Any CPU
		{E8EC23F4-0A4C-46C5-8395-9A0D8C9A2CF8}.Release|Any CPU.Build.0 = Release|Any CPU
		{B79C62EE-5CF4-4298-AB4A-9BBC172FAB90}.Debug|Any CPU.ActiveCfg = Debug|Any CPU
		{B79C62EE-5CF4-4298-AB4A-9BBC172FAB90}.Debug|Any CPU.Build.0 = Debug|Any CPU
		{B79C62EE-5CF4-4298-AB4A-9BBC172FAB90}.Release|Any CPU.ActiveCfg = Release|Any CPU
		{B79C62EE-5CF4-4298-AB4A-9BBC172FAB90}.Release|Any CPU.Build.0 = Release|Any CPU
		{795E7131-51C2-416B-95D0-B98349079679}.Debug|Any CPU.ActiveCfg = Debug|Any CPU
		{795E7131-51C2-416B-95D0-B98349079679}.Debug|Any CPU.Build.0 = Debug|Any CPU
		{795E7131-51C2-416B-95D0-B98349079679}.Release|Any CPU.ActiveCfg = Release|Any CPU
		{795E7131-51C2-416B-95D0-B98349079679}.Release|Any CPU.Build.0 = Release|Any CPU
		{DED4B98D-7E2F-43CB-B853-C27EE63EBBE9}.Debug|Any CPU.ActiveCfg = Debug|Any CPU
		{DED4B98D-7E2F-43CB-B853-C27EE63EBBE9}.Debug|Any CPU.Build.0 = Debug|Any CPU
		{DED4B98D-7E2F-43CB-B853-C27EE63EBBE9}.Release|Any CPU.ActiveCfg = Release|Any CPU
		{DED4B98D-7E2F-43CB-B853-C27EE63EBBE9}.Release|Any CPU.Build.0 = Release|Any CPU
	EndGlobalSection
	GlobalSection(SolutionProperties) = preSolution
		HideSolutionNode = FALSE
	EndGlobalSection
	GlobalSection(ExtensibilityGlobals) = postSolution
		SolutionGuid = {FC72AA99-D309-49DA-953E-90A9FA9AFE5A}
	EndGlobalSection
EndGlobal
